// !$*UTF8*$!
{
	archiveVersion = 1;
	classes = {
	};
	objectVersion = 50;
	objects = {

/* Begin PBXBuildFile section */
		AA69719A24BCE0BB00FBC5FC /* AppDelegate.swift in Sources */ = {isa = PBXBuildFile; fileRef = AA69719924BCE0BB00FBC5FC /* AppDelegate.swift */; };
		AA69719C24BCE0BB00FBC5FC /* SceneDelegate.swift in Sources */ = {isa = PBXBuildFile; fileRef = AA69719B24BCE0BB00FBC5FC /* SceneDelegate.swift */; };
		AA69719E24BCE0BB00FBC5FC /* ViewController.swift in Sources */ = {isa = PBXBuildFile; fileRef = AA69719D24BCE0BB00FBC5FC /* ViewController.swift */; };
		AA6971A124BCE0BB00FBC5FC /* Main.storyboard in Resources */ = {isa = PBXBuildFile; fileRef = AA69719F24BCE0BB00FBC5FC /* Main.storyboard */; };
		AA6971A324BCE0C100FBC5FC /* Assets.xcassets in Resources */ = {isa = PBXBuildFile; fileRef = AA6971A224BCE0C100FBC5FC /* Assets.xcassets */; };
		AA6971A624BCE0C100FBC5FC /* LaunchScreen.storyboard in Resources */ = {isa = PBXBuildFile; fileRef = AA6971A424BCE0C100FBC5FC /* LaunchScreen.storyboard */; };
		AA6971B124BCE0C100FBC5FC /* CapitalCitiesTests.swift in Sources */ = {isa = PBXBuildFile; fileRef = AA6971B024BCE0C100FBC5FC /* CapitalCitiesTests.swift */; };
/* End PBXBuildFile section */

/* Begin PBXContainerItemProxy section */
		AA6971AD24BCE0C100FBC5FC /* PBXContainerItemProxy */ = {
			isa = PBXContainerItemProxy;
			containerPortal = AA69718E24BCE0BB00FBC5FC /* Project object */;
			proxyType = 1;
			remoteGlobalIDString = AA69719524BCE0BB00FBC5FC;
			remoteInfo = CapitalCities;
		};
/* End PBXContainerItemProxy section */

/* Begin PBXFileReference section */
		AA69719624BCE0BB00FBC5FC /* CapitalCities.app */ = {isa = PBXFileReference; explicitFileType = wrapper.application; includeInIndex = 0; path = CapitalCities.app; sourceTree = BUILT_PRODUCTS_DIR; };
		AA69719924BCE0BB00FBC5FC /* AppDelegate.swift */ = {isa = PBXFileReference; lastKnownFileType = sourcecode.swift; path = AppDelegate.swift; sourceTree = "<group>"; };
		AA69719B24BCE0BB00FBC5FC /* SceneDelegate.swift */ = {isa = PBXFileReference; lastKnownFileType = sourcecode.swift; path = SceneDelegate.swift; sourceTree = "<group>"; };
		AA69719D24BCE0BB00FBC5FC /* ViewController.swift */ = {isa = PBXFileReference; lastKnownFileType = sourcecode.swift; path = ViewController.swift; sourceTree = "<group>"; };
		AA6971A024BCE0BB00FBC5FC /* Base */ = {isa = PBXFileReference; lastKnownFileType = file.storyboard; name = Base; path = Base.lproj/Main.storyboard; sourceTree = "<group>"; };
		AA6971A224BCE0C100FBC5FC /* Assets.xcassets */ = {isa = PBXFileReference; lastKnownFileType = folder.assetcatalog; path = Assets.xcassets; sourceTree = "<group>"; };
		AA6971A524BCE0C100FBC5FC /* Base */ = {isa = PBXFileReference; lastKnownFileType = file.storyboard; name = Base; path = Base.lproj/LaunchScreen.storyboard; sourceTree = "<group>"; };
		AA6971A724BCE0C100FBC5FC /* Info.plist */ = {isa = PBXFileReference; lastKnownFileType = text.plist.xml; path = Info.plist; sourceTree = "<group>"; };
		AA6971AC24BCE0C100FBC5FC /* CapitalCitiesTests.xctest */ = {isa = PBXFileReference; explicitFileType = wrapper.cfbundle; includeInIndex = 0; path = CapitalCitiesTests.xctest; sourceTree = BUILT_PRODUCTS_DIR; };
		AA6971B024BCE0C100FBC5FC /* CapitalCitiesTests.swift */ = {isa = PBXFileReference; lastKnownFileType = sourcecode.swift; path = CapitalCitiesTests.swift; sourceTree = "<group>"; };
		AA6971B224BCE0C100FBC5FC /* Info.plist */ = {isa = PBXFileReference; lastKnownFileType = text.plist.xml; path = Info.plist; sourceTree = "<group>"; };
/* End PBXFileReference section */

/* Begin PBXFrameworksBuildPhase section */
		AA69719324BCE0BB00FBC5FC /* Frameworks */ = {
			isa = PBXFrameworksBuildPhase;
			buildActionMask = 2147483647;
			files = (
			);
			runOnlyForDeploymentPostprocessing = 0;
		};
		AA6971A924BCE0C100FBC5FC /* Frameworks */ = {
			isa = PBXFrameworksBuildPhase;
			buildActionMask = 2147483647;
			files = (
			);
			runOnlyForDeploymentPostprocessing = 0;
		};
/* End PBXFrameworksBuildPhase section */

/* Begin PBXGroup section */
		AA69718D24BCE0BB00FBC5FC = {
			isa = PBXGroup;
			children = (
				AA69719824BCE0BB00FBC5FC /* CapitalCities */,
				AA6971AF24BCE0C100FBC5FC /* CapitalCitiesTests */,
				AA69719724BCE0BB00FBC5FC /* Products */,
			);
			sourceTree = "<group>";
		};
		AA69719724BCE0BB00FBC5FC /* Products */ = {
			isa = PBXGroup;
			children = (
				AA69719624BCE0BB00FBC5FC /* CapitalCities.app */,
				AA6971AC24BCE0C100FBC5FC /* CapitalCitiesTests.xctest */,
			);
			name = Products;
			sourceTree = "<group>";
		};
		AA69719824BCE0BB00FBC5FC /* CapitalCities */ = {
			isa = PBXGroup;
			children = (
				AA69719924BCE0BB00FBC5FC /* AppDelegate.swift */,
				AA69719B24BCE0BB00FBC5FC /* SceneDelegate.swift */,
				AA69719D24BCE0BB00FBC5FC /* ViewController.swift */,
				AA69719F24BCE0BB00FBC5FC /* Main.storyboard */,
				AA6971A224BCE0C100FBC5FC /* Assets.xcassets */,
				AA6971A424BCE0C100FBC5FC /* LaunchScreen.storyboard */,
				AA6971A724BCE0C100FBC5FC /* Info.plist */,
			);
			path = CapitalCities;
			sourceTree = "<group>";
		};
		AA6971AF24BCE0C100FBC5FC /* CapitalCitiesTests */ = {
			isa = PBXGroup;
			children = (
				AA6971B024BCE0C100FBC5FC /* CapitalCitiesTests.swift */,
				AA6971B224BCE0C100FBC5FC /* Info.plist */,
			);
			path = CapitalCitiesTests;
			sourceTree = "<group>";
		};
/* End PBXGroup section */

/* Begin PBXNativeTarget section */
		AA69719524BCE0BB00FBC5FC /* CapitalCities */ = {
			isa = PBXNativeTarget;
			buildConfigurationList = AA6971B524BCE0C100FBC5FC /* Build configuration list for PBXNativeTarget "CapitalCities" */;
			buildPhases = (
				AA69719224BCE0BB00FBC5FC /* Sources */,
				AA69719324BCE0BB00FBC5FC /* Frameworks */,
				AA69719424BCE0BB00FBC5FC /* Resources */,
			);
			buildRules = (
			);
			dependencies = (
			);
			name = CapitalCities;
			productName = CapitalCities;
			productReference = AA69719624BCE0BB00FBC5FC /* CapitalCities.app */;
			productType = "com.apple.product-type.application";
		};
		AA6971AB24BCE0C100FBC5FC /* CapitalCitiesTests */ = {
			isa = PBXNativeTarget;
			buildConfigurationList = AA6971B824BCE0C100FBC5FC /* Build configuration list for PBXNativeTarget "CapitalCitiesTests" */;
			buildPhases = (
				AA6971A824BCE0C100FBC5FC /* Sources */,
				AA6971A924BCE0C100FBC5FC /* Frameworks */,
				AA6971AA24BCE0C100FBC5FC /* Resources */,
			);
			buildRules = (
			);
			dependencies = (
				AA6971AE24BCE0C100FBC5FC /* PBXTargetDependency */,
			);
			name = CapitalCitiesTests;
			productName = CapitalCitiesTests;
			productReference = AA6971AC24BCE0C100FBC5FC /* CapitalCitiesTests.xctest */;
			productType = "com.apple.product-type.bundle.unit-test";
		};
/* End PBXNativeTarget section */

/* Begin PBXProject section */
		AA69718E24BCE0BB00FBC5FC /* Project object */ = {
			isa = PBXProject;
			attributes = {
				LastSwiftUpdateCheck = 1140;
				LastUpgradeCheck = 1140;
				ORGANIZATIONNAME = "Lukasz Czechowicz";
				TargetAttributes = {
					AA69719524BCE0BB00FBC5FC = {
						CreatedOnToolsVersion = 11.4.1;
					};
					AA6971AB24BCE0C100FBC5FC = {
						CreatedOnToolsVersion = 11.4.1;
						TestTargetID = AA69719524BCE0BB00FBC5FC;
					};
				};
			};
			buildConfigurationList = AA69719124BCE0BB00FBC5FC /* Build configuration list for PBXProject "CapitalCities" */;
			compatibilityVersion = "Xcode 9.3";
			developmentRegion = en;
			hasScannedForEncodings = 0;
			knownRegions = (
				en,
				Base,
			);
			mainGroup = AA69718D24BCE0BB00FBC5FC;
			productRefGroup = AA69719724BCE0BB00FBC5FC /* Products */;
			projectDirPath = "";
			projectRoot = "";
			targets = (
				AA69719524BCE0BB00FBC5FC /* CapitalCities */,
				AA6971AB24BCE0C100FBC5FC /* CapitalCitiesTests */,
			);
		};
/* End PBXProject section */

/* Begin PBXResourcesBuildPhase section */
		AA69719424BCE0BB00FBC5FC /* Resources */ = {
			isa = PBXResourcesBuildPhase;
			buildActionMask = 2147483647;
			files = (
				AA6971A624BCE0C100FBC5FC /* LaunchScreen.storyboard in Resources */,
				AA6971A324BCE0C100FBC5FC /* Assets.xcassets in Resources */,
				AA6971A124BCE0BB00FBC5FC /* Main.storyboard in Resources */,
			);
			runOnlyForDeploymentPostprocessing = 0;
		};
		AA6971AA24BCE0C100FBC5FC /* Resources */ = {
			isa = PBXResourcesBuildPhase;
			buildActionMask = 2147483647;
			files = (
			);
			runOnlyForDeploymentPostprocessing = 0;
		};
/* End PBXResourcesBuildPhase section */

/* Begin PBXSourcesBuildPhase section */
		AA69719224BCE0BB00FBC5FC /* Sources */ = {
			isa = PBXSourcesBuildPhase;
			buildActionMask = 2147483647;
			files = (
				AA69719E24BCE0BB00FBC5FC /* ViewController.swift in Sources */,
				AA69719A24BCE0BB00FBC5FC /* AppDelegate.swift in Sources */,
				AA69719C24BCE0BB00FBC5FC /* SceneDelegate.swift in Sources */,
			);
			runOnlyForDeploymentPostprocessing = 0;
		};
		AA6971A824BCE0C100FBC5FC /* Sources */ = {
			isa = PBXSourcesBuildPhase;
			buildActionMask = 2147483647;
			files = (
				AA6971B124BCE0C100FBC5FC /* CapitalCitiesTests.swift in Sources */,
			);
			runOnlyForDeploymentPostprocessing = 0;
		};
/* End PBXSourcesBuildPhase section */

/* Begin PBXTargetDependency section */
		AA6971AE24BCE0C100FBC5FC /* PBXTargetDependency */ = {
			isa = PBXTargetDependency;
			target = AA69719524BCE0BB00FBC5FC /* CapitalCities */;
			targetProxy = AA6971AD24BCE0C100FBC5FC /* PBXContainerItemProxy */;
		};
/* End PBXTargetDependency section */

/* Begin PBXVariantGroup section */
		AA69719F24BCE0BB00FBC5FC /* Main.storyboard */ = {
			isa = PBXVariantGroup;
			children = (
				AA6971A024BCE0BB00FBC5FC /* Base */,
			);
			name = Main.storyboard;
			sourceTree = "<group>";
		};
		AA6971A424BCE0C100FBC5FC /* LaunchScreen.storyboard */ = {
			isa = PBXVariantGroup;
			children = (
				AA6971A524BCE0C100FBC5FC /* Base */,
			);
			name = LaunchScreen.storyboard;
			sourceTree = "<group>";
		};
/* End PBXVariantGroup section */

/* Begin XCBuildConfiguration section */
		AA6971B324BCE0C100FBC5FC /* Debug */ = {
			isa = XCBuildConfiguration;
			buildSettings = {
				ALWAYS_SEARCH_USER_PATHS = NO;
				CLANG_ANALYZER_NONNULL = YES;
				CLANG_ANALYZER_NUMBER_OBJECT_CONVERSION = YES_AGGRESSIVE;
				CLANG_CXX_LANGUAGE_STANDARD = "gnu++14";
				CLANG_CXX_LIBRARY = "libc++";
				CLANG_ENABLE_MODULES = YES;
				CLANG_ENABLE_OBJC_ARC = YES;
				CLANG_ENABLE_OBJC_WEAK = YES;
				CLANG_WARN_BLOCK_CAPTURE_AUTORELEASING = YES;
				CLANG_WARN_BOOL_CONVERSION = YES;
				CLANG_WARN_COMMA = YES;
				CLANG_WARN_CONSTANT_CONVERSION = YES;
				CLANG_WARN_DEPRECATED_OBJC_IMPLEMENTATIONS = YES;
				CLANG_WARN_DIRECT_OBJC_ISA_USAGE = YES_ERROR;
				CLANG_WARN_DOCUMENTATION_COMMENTS = YES;
				CLANG_WARN_EMPTY_BODY = YES;
				CLANG_WARN_ENUM_CONVERSION = YES;
				CLANG_WARN_INFINITE_RECURSION = YES;
				CLANG_WARN_INT_CONVERSION = YES;
				CLANG_WARN_NON_LITERAL_NULL_CONVERSION = YES;
				CLANG_WARN_OBJC_IMPLICIT_RETAIN_SELF = YES;
				CLANG_WARN_OBJC_LITERAL_CONVERSION = YES;
				CLANG_WARN_OBJC_ROOT_CLASS = YES_ERROR;
				CLANG_WARN_RANGE_LOOP_ANALYSIS = YES;
				CLANG_WARN_STRICT_PROTOTYPES = YES;
				CLANG_WARN_SUSPICIOUS_MOVE = YES;
				CLANG_WARN_UNGUARDED_AVAILABILITY = YES_AGGRESSIVE;
				CLANG_WARN_UNREACHABLE_CODE = YES;
				CLANG_WARN__DUPLICATE_METHOD_MATCH = YES;
				COPY_PHASE_STRIP = NO;
				DEBUG_INFORMATION_FORMAT = dwarf;
				ENABLE_STRICT_OBJC_MSGSEND = YES;
				ENABLE_TESTABILITY = YES;
				GCC_C_LANGUAGE_STANDARD = gnu11;
				GCC_DYNAMIC_NO_PIC = NO;
				GCC_NO_COMMON_BLOCKS = YES;
				GCC_OPTIMIZATION_LEVEL = 0;
				GCC_PREPROCESSOR_DEFINITIONS = (
					"DEBUG=1",
					"$(inherited)",
				);
				GCC_WARN_64_TO_32_BIT_CONVERSION = YES;
				GCC_WARN_ABOUT_RETURN_TYPE = YES_ERROR;
				GCC_WARN_UNDECLARED_SELECTOR = YES;
				GCC_WARN_UNINITIALIZED_AUTOS = YES_AGGRESSIVE;
				GCC_WARN_UNUSED_FUNCTION = YES;
				GCC_WARN_UNUSED_VARIABLE = YES;
				IPHONEOS_DEPLOYMENT_TARGET = 13.4;
				MTL_ENABLE_DEBUG_INFO = INCLUDE_SOURCE;
				MTL_FAST_MATH = YES;
				ONLY_ACTIVE_ARCH = YES;
				SDKROOT = iphoneos;
				SWIFT_ACTIVE_COMPILATION_CONDITIONS = DEBUG;
				SWIFT_OPTIMIZATION_LEVEL = "-Onone";
			};
			name = Debug;
		};
		AA6971B424BCE0C100FBC5FC /* Release */ = {
			isa = XCBuildConfiguration;
			buildSettings = {
				ALWAYS_SEARCH_USER_PATHS = NO;
				CLANG_ANALYZER_NONNULL = YES;
				CLANG_ANALYZER_NUMBER_OBJECT_CONVERSION = YES_AGGRESSIVE;
				CLANG_CXX_LANGUAGE_STANDARD = "gnu++14";
				CLANG_CXX_LIBRARY = "libc++";
				CLANG_ENABLE_MODULES = YES;
				CLANG_ENABLE_OBJC_ARC = YES;
				CLANG_ENABLE_OBJC_WEAK = YES;
				CLANG_WARN_BLOCK_CAPTURE_AUTORELEASING = YES;
				CLANG_WARN_BOOL_CONVERSION = YES;
				CLANG_WARN_COMMA = YES;
				CLANG_WARN_CONSTANT_CONVERSION = YES;
				CLANG_WARN_DEPRECATED_OBJC_IMPLEMENTATIONS = YES;
				CLANG_WARN_DIRECT_OBJC_ISA_USAGE = YES_ERROR;
				CLANG_WARN_DOCUMENTATION_COMMENTS = YES;
				CLANG_WARN_EMPTY_BODY = YES;
				CLANG_WARN_ENUM_CONVERSION = YES;
				CLANG_WARN_INFINITE_RECURSION = YES;
				CLANG_WARN_INT_CONVERSION = YES;
				CLANG_WARN_NON_LITERAL_NULL_CONVERSION = YES;
				CLANG_WARN_OBJC_IMPLICIT_RETAIN_SELF = YES;
				CLANG_WARN_OBJC_LITERAL_CONVERSION = YES;
				CLANG_WARN_OBJC_ROOT_CLASS = YES_ERROR;
				CLANG_WARN_RANGE_LOOP_ANALYSIS = YES;
				CLANG_WARN_STRICT_PROTOTYPES = YES;
				CLANG_WARN_SUSPICIOUS_MOVE = YES;
				CLANG_WARN_UNGUARDED_AVAILABILITY = YES_AGGRESSIVE;
				CLANG_WARN_UNREACHABLE_CODE = YES;
				CLANG_WARN__DUPLICATE_METHOD_MATCH = YES;
				COPY_PHASE_STRIP = NO;
				DEBUG_INFORMATION_FORMAT = "dwarf-with-dsym";
				ENABLE_NS_ASSERTIONS = NO;
				ENABLE_STRICT_OBJC_MSGSEND = YES;
				GCC_C_LANGUAGE_STANDARD = gnu11;
				GCC_NO_COMMON_BLOCKS = YES;
				GCC_WARN_64_TO_32_BIT_CONVERSION = YES;
				GCC_WARN_ABOUT_RETURN_TYPE = YES_ERROR;
				GCC_WARN_UNDECLARED_SELECTOR = YES;
				GCC_WARN_UNINITIALIZED_AUTOS = YES_AGGRESSIVE;
				GCC_WARN_UNUSED_FUNCTION = YES;
				GCC_WARN_UNUSED_VARIABLE = YES;
				IPHONEOS_DEPLOYMENT_TARGET = 13.4;
				MTL_ENABLE_DEBUG_INFO = NO;
				MTL_FAST_MATH = YES;
				SDKROOT = iphoneos;
				SWIFT_COMPILATION_MODE = wholemodule;
				SWIFT_OPTIMIZATION_LEVEL = "-O";
				VALIDATE_PRODUCT = YES;
			};
			name = Release;
		};
		AA6971B624BCE0C100FBC5FC /* Debug */ = {
			isa = XCBuildConfiguration;
			buildSettings = {
				ASSETCATALOG_COMPILER_APPICON_NAME = AppIcon;
				CODE_SIGN_STYLE = Automatic;
				DEVELOPMENT_TEAM = VJN5JSEX2G;
				INFOPLIST_FILE = CapitalCities/Info.plist;
				LD_RUNPATH_SEARCH_PATHS = (
					"$(inherited)",
					"@executable_path/Frameworks",
				);
				PRODUCT_BUNDLE_IDENTIFIER = com.challenge.CapitalCities;
				PRODUCT_NAME = "$(TARGET_NAME)";
				SWIFT_VERSION = 5.0;
				TARGETED_DEVICE_FAMILY = "1,2";
			};
			name = Debug;
		};
		AA6971B724BCE0C100FBC5FC /* Release */ = {
			isa = XCBuildConfiguration;
			buildSettings = {
				ASSETCATALOG_COMPILER_APPICON_NAME = AppIcon;
				CODE_SIGN_STYLE = Automatic;
				DEVELOPMENT_TEAM = VJN5JSEX2G;
				INFOPLIST_FILE = CapitalCities/Info.plist;
				LD_RUNPATH_SEARCH_PATHS = (
					"$(inherited)",
					"@executable_path/Frameworks",
				);
				PRODUCT_BUNDLE_IDENTIFIER = com.challenge.CapitalCities;
				PRODUCT_NAME = "$(TARGET_NAME)";
				SWIFT_VERSION = 5.0;
				TARGETED_DEVICE_FAMILY = "1,2";
			};
			name = Release;
		};
		AA6971B924BCE0C100FBC5FC /* Debug */ = {
			isa = XCBuildConfiguration;
			buildSettings = {
				ALWAYS_EMBED_SWIFT_STANDARD_LIBRARIES = YES;
				BUNDLE_LOADER = "$(TEST_HOST)";
				CODE_SIGN_STYLE = Automatic;
				DEVELOPMENT_TEAM = VJN5JSEX2G;
				INFOPLIST_FILE = CapitalCitiesTests/Info.plist;
				IPHONEOS_DEPLOYMENT_TARGET = 13.4;
				LD_RUNPATH_SEARCH_PATHS = (
					"$(inherited)",
					"@executable_path/Frameworks",
					"@loader_path/Frameworks",
				);
				PRODUCT_BUNDLE_IDENTIFIER = com.challenge.CapitalCitiesTests;
				PRODUCT_NAME = "$(TARGET_NAME)";
				SWIFT_VERSION = 5.0;
				TARGETED_DEVICE_FAMILY = "1,2";
				TEST_HOST = "$(BUILT_PRODUCTS_DIR)/CapitalCities.app/CapitalCities";
			};
			name = Debug;
		};
		AA6971BA24BCE0C100FBC5FC /* Release */ = {
			isa = XCBuildConfiguration;
			buildSettings = {
				ALWAYS_EMBED_SWIFT_STANDARD_LIBRARIES = YES;
				BUNDLE_LOADER = "$(TEST_HOST)";
				CODE_SIGN_STYLE = Automatic;
				DEVELOPMENT_TEAM = VJN5JSEX2G;
				INFOPLIST_FILE = CapitalCitiesTests/Info.plist;
				IPHONEOS_DEPLOYMENT_TARGET = 13.4;
				LD_RUNPATH_SEARCH_PATHS = (
					"$(inherited)",
					"@executable_path/Frameworks",
					"@loader_path/Frameworks",
				);
				PRODUCT_BUNDLE_IDENTIFIER = com.challenge.CapitalCitiesTests;
				PRODUCT_NAME = "$(TARGET_NAME)";
				SWIFT_VERSION = 5.0;
				TARGETED_DEVICE_FAMILY = "1,2";
				TEST_HOST = "$(BUILT_PRODUCTS_DIR)/CapitalCities.app/CapitalCities";
			};
			name = Release;
		};
/* End XCBuildConfiguration section */

/* Begin XCConfigurationList section */
		AA69719124BCE0BB00FBC5FC /* Build configuration list for PBXProject "CapitalCities" */ = {
			isa = XCConfigurationList;
			buildConfigurations = (
				AA6971B324BCE0C100FBC5FC /* Debug */,
				AA6971B424BCE0C100FBC5FC /* Release */,
			);
			defaultConfigurationIsVisible = 0;
			defaultConfigurationName = Release;
		};
		AA6971B524BCE0C100FBC5FC /* Build configuration list for PBXNativeTarget "CapitalCities" */ = {
			isa = XCConfigurationList;
			buildConfigurations = (
				AA6971B624BCE0C100FBC5FC /* Debug */,
				AA6971B724BCE0C100FBC5FC /* Release */,
			);
			defaultConfigurationIsVisible = 0;
			defaultConfigurationName = Release;
		};
		AA6971B824BCE0C100FBC5FC /* Build configuration list for PBXNativeTarget "CapitalCitiesTests" */ = {
			isa = XCConfigurationList;
			buildConfigurations = (
				AA6971B924BCE0C100FBC5FC /* Debug */,
				AA6971BA24BCE0C100FBC5FC /* Release */,
			);
			defaultConfigurationIsVisible = 0;
			defaultConfigurationName = Release;
		};
/* End XCConfigurationList section */
	};
	rootObject = AA69718E24BCE0BB00FBC5FC /* Project object */;
}
